DEPENDENCIES
  apt
  git
  nginx
  nodejs
  vim

GRAPH
  apt (7.0.0)
  ark (3.1.0)
    build-essential (>= 0.0.0)
    seven_zip (>= 0.0.0)
    windows (>= 0.0.0)
  build-essential (8.1.1)
    mingw (>= 1.1)
    seven_zip (>= 0.0.0)
  git (9.0.0)
    build-essential (>= 5.0.0)
  mingw (2.0.2)
    seven_zip (>= 0.0.0)
  nginx (8.1.2)
    build-essential (>= 0.0.0)
    ohai (>= 4.1.0)
    yum-epel (>= 0.0.0)
    zypper (>= 0.0.0)
  nodejs (5.0.0)
    ark (>= 2.0.2)
    build-essential (>= 0.0.0)
  ohai (5.2.2)
  seven_zip (2.0.2)
    windows (>= 1.2.2)
  vim (2.0.2)
  windows (4.1.4)
  yum-epel (3.1.0)
  zypper (0.4.0)
